
Microsoft Visual Studio Solution File, Format Version 12.00
# Visual Studio Version 17
VisualStudioVersion = 17.3.32825.248
MinimumVisualStudioVersion = 10.0.40219.1
Project("{FAE04EC0-301F-11D3-BF4B-00C04F79EFBC}") = "firstApp.Android", "firstApp.Android\firstApp.Android.csproj", "{5E26CF9D-565B-49E4-A91C-97F195D65E37}"
EndProject
Project("{FAE04EC0-301F-11D3-BF4B-00C04F79EFBC}") = "firstApp.iOS", "firstApp.iOS\firstApp.iOS.csproj", "{65EE3C94-C5E0-4C1D-9A0F-7B175BB37521}"
EndProject
Project("{FAE04EC0-301F-11D3-BF4B-00C04F79EFBC}") = "firstApp", "firstApp\firstApp.csproj", "{1E89A6C3-60B9-4026-AADE-EB7C9D4A9F2C}"
EndProject
Global
	GlobalSection(SolutionConfigurationPlatforms) = preSolution
		Debug|Any CPU = Debug|Any CPU
		Debug|iPhone = Debug|iPhone
		Debug|iPhoneSimulator = Debug|iPhoneSimulator
		Release|Any CPU = Release|Any CPU
		Release|iPhone = Release|iPhone
		Release|iPhoneSimulator = Release|iPhoneSimulator
	EndGlobalSection
	GlobalSection(ProjectConfigurationPlatforms) = postSolution
		{5E26CF9D-565B-49E4-A91C-97F195D65E37}.Debug|Any CPU.ActiveCfg = Debug|Any CPU
		{5E26CF9D-565B-49E4-A91C-97F195D65E37}.Debug|Any CPU.Build.0 = Debug|Any CPU
		{5E26CF9D-565B-49E4-A91C-97F195D65E37}.Debug|Any CPU.Deploy.0 = Debug|Any CPU
		{5E26CF9D-565B-49E4-A91C-97F195D65E37}.Debug|iPhone.ActiveCfg = Debug|Any CPU
		{5E26CF9D-565B-49E4-A91C-97F195D65E37}.Debug|iPhone.Build.0 = Debug|Any CPU
		{5E26CF9D-565B-49E4-A91C-97F195D65E37}.Debug|iPhone.Deploy.0 = Debug|Any CPU
		{5E26CF9D-565B-49E4-A91C-97F195D65E37}.Debug|iPhoneSimulator.ActiveCfg = Debug|Any CPU
		{5E26CF9D-565B-49E4-A91C-97F195D65E37}.Debug|iPhoneSimulator.Build.0 = Debug|Any CPU
		{5E26CF9D-565B-49E4-A91C-97F195D65E37}.Debug|iPhoneSimulator.Deploy.0 = Debug|Any CPU
		{5E26CF9D-565B-49E4-A91C-97F195D65E37}.Release|Any CPU.ActiveCfg = Release|Any CPU
		{5E26CF9D-565B-49E4-A91C-97F195D65E37}.Release|Any CPU.Build.0 = Release|Any CPU
		{5E26CF9D-565B-49E4-A91C-97F195D65E37}.Release|Any CPU.Deploy.0 = Release|Any CPU
		{5E26CF9D-565B-49E4-A91C-97F195D65E37}.Release|iPhone.ActiveCfg = Release|Any CPU
		{5E26CF9D-565B-49E4-A91C-97F195D65E37}.Release|iPhone.Build.0 = Release|Any CPU
		{5E26CF9D-565B-49E4-A91C-97F195D65E37}.Release|iPhone.Deploy.0 = Release|Any CPU
		{5E26CF9D-565B-49E4-A91C-97F195D65E37}.Release|iPhoneSimulator.ActiveCfg = Release|Any CPU
		{5E26CF9D-565B-49E4-A91C-97F195D65E37}.Release|iPhoneSimulator.Build.0 = Release|Any CPU
		{5E26CF9D-565B-49E4-A91C-97F195D65E37}.Release|iPhoneSimulator.Deploy.0 = Release|Any CPU
		{65EE3C94-C5E0-4C1D-9A0F-7B175BB37521}.Debug|Any CPU.ActiveCfg = Debug|iPhone
		{65EE3C94-C5E0-4C1D-9A0F-7B175BB37521}.Debug|Any CPU.Build.0 = Debug|iPhone
		{65EE3C94-C5E0-4C1D-9A0F-7B175BB37521}.Debug|Any CPU.Deploy.0 = Debug|iPhone
		{65EE3C94-C5E0-4C1D-9A0F-7B175BB37521}.Debug|iPhone.ActiveCfg = Debug|iPhone
		{65EE3C94-C5E0-4C1D-9A0F-7B175BB37521}.Debug|iPhone.Build.0 = Debug|iPhone
		{65EE3C94-C5E0-4C1D-9A0F-7B175BB37521}.Debug|iPhone.Deploy.0 = Debug|iPhone
		{65EE3C94-C5E0-4C1D-9A0F-7B175BB37521}.Debug|iPhoneSimulator.ActiveCfg = Debug|iPhoneSimulator
		{65EE3C94-C5E0-4C1D-9A0F-7B175BB37521}.Debug|iPhoneSimulator.Build.0 = Debug|iPhoneSimulator
		{65EE3C94-C5E0-4C1D-9A0F-7B175BB37521}.Debug|iPhoneSimulator.Deploy.0 = Debug|iPhoneSimulator
		{65EE3C94-C5E0-4C1D-9A0F-7B175BB37521}.Release|Any CPU.ActiveCfg = Release|iPhoneSimulator
		{65EE3C94-C5E0-4C1D-9A0F-7B175BB37521}.Release|Any CPU.Build.0 = Release|iPhoneSimulator
		{65EE3C94-C5E0-4C1D-9A0F-7B175BB37521}.Release|Any CPU.Deploy.0 = Release|iPhoneSimulator
		{65EE3C94-C5E0-4C1D-9A0F-7B175BB37521}.Release|iPhone.ActiveCfg = Release|iPhone
		{65EE3C94-C5E0-4C1D-9A0F-7B175BB37521}.Release|iPhone.Build.0 = Release|iPhone
		{65EE3C94-C5E0-4C1D-9A0F-7B175BB37521}.Release|iPhone.Deploy.0 = Release|iPhone
		{65EE3C94-C5E0-4C1D-9A0F-7B175BB37521}.Release|iPhoneSimulator.ActiveCfg = Release|iPhoneSimulator
		{65EE3C94-C5E0-4C1D-9A0F-7B175BB37521}.Release|iPhoneSimulator.Build.0 = Release|iPhoneSimulator
		{65EE3C94-C5E0-4C1D-9A0F-7B175BB37521}.Release|iPhoneSimulator.Deploy.0 = Release|iPhoneSimulator
		{1E89A6C3-60B9-4026-AADE-EB7C9D4A9F2C}.Debug|Any CPU.ActiveCfg = Debug|Any CPU
		{1E89A6C3-60B9-4026-AADE-EB7C9D4A9F2C}.Debug|Any CPU.Build.0 = Debug|Any CPU
		{1E89A6C3-60B9-4026-AADE-EB7C9D4A9F2C}.Debug|Any CPU.Deploy.0 = Debug|Any CPU
		{1E89A6C3-60B9-4026-AADE-EB7C9D4A9F2C}.Debug|iPhone.ActiveCfg = Debug|Any CPU
		{1E89A6C3-60B9-4026-AADE-EB7C9D4A9F2C}.Debug|iPhone.Build.0 = Debug|Any CPU
		{1E89A6C3-60B9-4026-AADE-EB7C9D4A9F2C}.Debug|iPhone.Deploy.0 = Debug|Any CPU
		{1E89A6C3-60B9-4026-AADE-EB7C9D4A9F2C}.Debug|iPhoneSimulator.ActiveCfg = Debug|Any CPU
		{1E89A6C3-60B9-4026-AADE-EB7C9D4A9F2C}.Debug|iPhoneSimulator.Build.0 = Debug|Any CPU
		{1E89A6C3-60B9-4026-AADE-EB7C9D4A9F2C}.Debug|iPhoneSimulator.Deploy.0 = Debug|Any CPU
		{1E89A6C3-60B9-4026-AADE-EB7C9D4A9F2C}.Release|Any CPU.ActiveCfg = Release|Any CPU
		{1E89A6C3-60B9-4026-AADE-EB7C9D4A9F2C}.Release|Any CPU.Build.0 = Release|Any CPU
		{1E89A6C3-60B9-4026-AADE-EB7C9D4A9F2C}.Release|Any CPU.Deploy.0 = Release|Any CPU
		{1E89A6C3-60B9-4026-AADE-EB7C9D4A9F2C}.Release|iPhone.ActiveCfg = Release|Any CPU
		{1E89A6C3-60B9-4026-AADE-EB7C9D4A9F2C}.Release|iPhone.Build.0 = Release|Any CPU
		{1E89A6C3-60B9-4026-AADE-EB7C9D4A9F2C}.Release|iPhone.Deploy.0 = Release|Any CPU
		{1E89A6C3-60B9-4026-AADE-EB7C9D4A9F2C}.Release|iPhoneSimulator.ActiveCfg = Release|Any CPU
		{1E89A6C3-60B9-4026-AADE-EB7C9D4A9F2C}.Release|iPhoneSimulator.Build.0 = Release|Any CPU
		{1E89A6C3-60B9-4026-AADE-EB7C9D4A9F2C}.Release|iPhoneSimulator.Deploy.0 = Release|Any CPU
	EndGlobalSection
	GlobalSection(SolutionProperties) = preSolution
		HideSolutionNode = FALSE
	EndGlobalSection
	GlobalSection(ExtensibilityGlobals) = postSolution
		SolutionGuid = {19B83522-822F-461C-8D1D-BAD7E3CE2EA2}
	EndGlobalSection
EndGlobal
